
Microsoft Visual Studio Solution File, Format Version 12.00
Project("{FAE04EC0-301F-11D3-BF4B-00C04F79EFBC}") = "ScanEditor", "ScanEditor.csproj", "{76621335-B40F-4B7A-AFBE-BD5F097156CD}"
EndProject
Global
	GlobalSection(SolutionConfigurationPlatforms) = preSolution
		Debug|Any CPU = Debug|Any CPU
		Release|Any CPU = Release|Any CPU
	EndGlobalSection
	GlobalSection(ProjectConfigurationPlatforms) = postSolution
		{76621335-B40F-4B7A-AFBE-BD5F097156CD}.Debug|Any CPU.ActiveCfg = Debug|Any CPU
		{76621335-B40F-4B7A-AFBE-BD5F097156CD}.Debug|Any CPU.Build.0 = Debug|Any CPU
		{76621335-B40F-4B7A-AFBE-BD5F097156CD}.Release|Any CPU.ActiveCfg = Release|Any CPU
		{76621335-B40F-4B7A-AFBE-BD5F097156CD}.Release|Any CPU.Build.0 = Release|Any CPU
	EndGlobalSection
EndGlobal
